
Microsoft Visual Studio Solution File, Format Version 12.00
# Visual Studio 15
VisualStudioVersion = 15.0.28307.779
MinimumVisualStudioVersion = 10.0.40219.1
Project("{8BC9CEB8-8B4A-11D0-8D11-00A0C91BC942}") = "MechroEngine", "..\MechroEngine\Source\Engine\MechroEngine.vcxproj", "{F43F279E-66B9-4B72-A744-FDD7A6CC76D8}"
EndProject
Project("{8BC9CEB8-8B4A-11D0-8D11-00A0C91BC942}") = "EngineTest", "Source\Game\EngineTest.vcxproj", "{500E044E-D4CB-486A-8004-965F25E9CE46}"
EndProject
Global
	GlobalSection(SolutionConfigurationPlatforms) = preSolution
		Debug|x64 = Debug|x64
		Debug|x86 = Debug|x86
		Release|x64 = Release|x64
		Release|x86 = Release|x86
	EndGlobalSection
	GlobalSection(ProjectConfigurationPlatforms) = postSolution
		{F43F279E-66B9-4B72-A744-FDD7A6CC76D8}.Debug|x64.ActiveCfg = Debug|x64
		{F43F279E-66B9-4B72-A744-FDD7A6CC76D8}.Debug|x64.Build.0 = Debug|x64
		{F43F279E-66B9-4B72-A744-FDD7A6CC76D8}.Debug|x86.ActiveCfg = Debug|Win32
		{F43F279E-66B9-4B72-A744-FDD7A6CC76D8}.Debug|x86.Build.0 = Debug|Win32
		{F43F279E-66B9-4B72-A744-FDD7A6CC76D8}.Release|x64.ActiveCfg = Release|x64
		{F43F279E-66B9-4B72-A744-FDD7A6CC76D8}.Release|x64.Build.0 = Release|x64
		{F43F279E-66B9-4B72-A744-FDD7A6CC76D8}.Release|x86.ActiveCfg = Release|Win32
		{F43F279E-66B9-4B72-A744-FDD7A6CC76D8}.Release|x86.Build.0 = Release|Win32
		{500E044E-D4CB-486A-8004-965F25E9CE46}.Debug|x64.ActiveCfg = Debug|x64
		{500E044E-D4CB-486A-8004-965F25E9CE46}.Debug|x64.Build.0 = Debug|x64
		{500E044E-D4CB-486A-8004-965F25E9CE46}.Debug|x86.ActiveCfg = Debug|Win32
		{500E044E-D4CB-486A-8004-965F25E9CE46}.Debug|x86.Build.0 = Debug|Win32
		{500E044E-D4CB-486A-8004-965F25E9CE46}.Release|x64.ActiveCfg = Release|x64
		{500E044E-D4CB-486A-8004-965F25E9CE46}.Release|x64.Build.0 = Release|x64
		{500E044E-D4CB-486A-8004-965F25E9CE46}.Release|x86.ActiveCfg = Release|Win32
		{500E044E-D4CB-486A-8004-965F25E9CE46}.Release|x86.Build.0 = Release|Win32
	EndGlobalSection
	GlobalSection(SolutionProperties) = preSolution
		HideSolutionNode = FALSE
	EndGlobalSection
	GlobalSection(ExtensibilityGlobals) = postSolution
		SolutionGuid = {38602F6B-5699-4152-9C55-F4122A476FB1}
	EndGlobalSection
EndGlobal
